# This file is autogenerated, do not edit; changes may be undone by the next 'dep ensure'.


[[projects]]
  branch = "master"
  name = "github.com/KickSeason/neo-go-sdk"
  packages = ["neocliapi","neoextapi","neotransaction","neotransaction/OpCode","neoutils"]
  revision = "3d723913dfb9060a2adeb428e4737b30af084558"

[[projects]]
  branch = "master"
  name = "golang.org/x/crypto"
  packages = ["ripemd160"]
  revision = "4d3f4d9ffa16a13f451c3b2999e9c49e9750bf06"

[solve-meta]
  analyzer-name = "dep"
  analyzer-version = 1
  inputs-digest = "6dba59f60dc19b35f1118d380fcc32ba5636f51355c3beffcd642f5fc3db027a"
  solver-name = "gps-cdcl"
  solver-version = 1
