# This file is autogenerated, do not edit; changes may be undone by the next 'dep ensure'.


[[projects]]
  branch = "master"
  name = "github.com/KickSeason/neo-go-sdk"
  packages = ["neocliapi","neoextapi","neotransaction"]
  revision = "cb17b1a9658872c21ebde6b17763f5b4a6876ec5"

[[projects]]
  branch = "master"
  name = "github.com/x-contract/neo-go-sdk"
  packages = ["neotransaction","neotransaction/OpCode","neoutils"]
  revision = "cb17b1a9658872c21ebde6b17763f5b4a6876ec5"

[[projects]]
  branch = "master"
  name = "golang.org/x/crypto"
  packages = ["ripemd160"]
  revision = "bc7917b19d8f099105de72dc62898400be07c984"

[solve-meta]
  analyzer-name = "dep"
  analyzer-version = 1
  inputs-digest = "23f95573adae7bdffba3cdf30d53c54ea0cecc77f14468666d53f99ed48f908e"
  solver-name = "gps-cdcl"
  solver-version = 1
